{
  "pins" : [
    {
      "identity" : "tzchangelanguage",
      "kind" : "remoteSourceControl",
      "location" : "https://github.com/TrianglZ/TZChangeLanguage",
      "state" : {
        "revision" : "4343903488e23c48bd5e1f2582a13d484babc4a8",
        "version" : "1.0.0"
      }
    }
  ],
  "version" : 2
}
